
Microsoft Visual Studio Solution File, Format Version 12.00
# Visual Studio Version 16
VisualStudioVersion = 16.0.31515.178
MinimumVisualStudioVersion = 10.0.40219.1
Project("{FAE04EC0-301F-11D3-BF4B-00C04F79EFBC}") = "TemperatureConverter", "TemperatureConverter.csproj", "{EC980308-8E0C-42AD-B195-AF640606D4A0}"
EndProject
Global
	GlobalSection(SolutionConfigurationPlatforms) = preSolution
		Debug|Any CPU = Debug|Any CPU
		Release|Any CPU = Release|Any CPU
	EndGlobalSection
	GlobalSection(ProjectConfigurationPlatforms) = postSolution
		{EC980308-8E0C-42AD-B195-AF640606D4A0}.Debug|Any CPU.ActiveCfg = Debug|Any CPU
		{EC980308-8E0C-42AD-B195-AF640606D4A0}.Debug|Any CPU.Build.0 = Debug|Any CPU
		{EC980308-8E0C-42AD-B195-AF640606D4A0}.Release|Any CPU.ActiveCfg = Release|Any CPU
		{EC980308-8E0C-42AD-B195-AF640606D4A0}.Release|Any CPU.Build.0 = Release|Any CPU
	EndGlobalSection
	GlobalSection(SolutionProperties) = preSolution
		HideSolutionNode = FALSE
	EndGlobalSection
	GlobalSection(ExtensibilityGlobals) = postSolution
		SolutionGuid = {108269C2-6EDE-4C3B-B9F9-1AE754E31D47}
	EndGlobalSection
EndGlobal
